
Microsoft Visual Studio Solution File, Format Version 12.00
# Visual Studio Version 17
VisualStudioVersion = 17.4.33213.308
MinimumVisualStudioVersion = 10.0.40219.1
Project("{F184B08F-C81C-45F6-A57F-5ABD9991F28F}") = "VBE-UNO-RS232", "VBE-UNO-RS232\VBE-UNO-RS232.vbproj", "{D5A856C2-E270-4907-8534-76D71385E449}"
EndProject
Global
	GlobalSection(SolutionConfigurationPlatforms) = preSolution
		Debug|Any CPU = Debug|Any CPU
		Release|Any CPU = Release|Any CPU
	EndGlobalSection
	GlobalSection(ProjectConfigurationPlatforms) = postSolution
		{D5A856C2-E270-4907-8534-76D71385E449}.Debug|Any CPU.ActiveCfg = Debug|Any CPU
		{D5A856C2-E270-4907-8534-76D71385E449}.Debug|Any CPU.Build.0 = Debug|Any CPU
		{D5A856C2-E270-4907-8534-76D71385E449}.Release|Any CPU.ActiveCfg = Release|Any CPU
		{D5A856C2-E270-4907-8534-76D71385E449}.Release|Any CPU.Build.0 = Release|Any CPU
	EndGlobalSection
	GlobalSection(SolutionProperties) = preSolution
		HideSolutionNode = FALSE
	EndGlobalSection
	GlobalSection(ExtensibilityGlobals) = postSolution
		SolutionGuid = {776D4DFB-08B8-44F5-A740-7E28C988217A}
	EndGlobalSection
EndGlobal
